{
  "name": "openshift-observability-otel-lab",
  "lockfileVersion": 3,
  "requires": true,
  "packages": {
    "": {
      "name": "openshift-observability-otel-lab",
      "dependencies": {
        "@andrew-jones/antora-tabs-extension": "^1.0.0",
        "@sntke/antora-mermaid-extension": "^0.0.13"
      }
    },
    "node_modules/@andrew-jones/antora-tabs-extension": {
      "version": "1.0.0",
      "resolved": "https://registry.npmjs.org/@andrew-jones/antora-tabs-extension/-/antora-tabs-extension-1.0.0.tgz",
      "integrity": "sha512-mw7KoDX2vDz5JHHztAQXdytnokVWxgBZ7w/lG7+nwalsOwKVEoq64+qZFYTENYxtA0VPxtnWhKbZ+1fmZ2NWpA==",
      "license": "MIT",
      "engines": {
        "node": ">=18.0.0"
      },
      "peerDependencies": {
        "@asciidoctor/tabs": ">=1.0.0-beta.6"
      }
    },
    "node_modules/@asciidoctor/tabs": {
      "version": "1.0.0-beta.6",
      "resolved": "https://registry.npmjs.org/@asciidoctor/tabs/-/tabs-1.0.0-beta.6.tgz",
      "integrity": "sha512-gGZnW7UfRXnbiyKNd9PpGKtSuD8+DsqaaTSbQ1dHVkZ76NaolLhdQg8RW6/xqN3pX1vWZEcF4e81+Oe9rNRWxg==",
      "license": "MIT",
      "peer": true,
      "engines": {
        "node": ">=16.0.0"
      }
    },
    "node_modules/@sntke/antora-mermaid-extension": {
      "version": "0.0.13",
      "resolved": "https://registry.npmjs.org/@sntke/antora-mermaid-extension/-/antora-mermaid-extension-0.0.13.tgz",
      "integrity": "sha512-q7PgSImvLKA7wxL7o9FDX0Q6Dn/1tnEWogOW4P91gbcjiIUe26BopoHalTIeiRTwmhJu5LMtBSq6NboxQYLTOw==",
      "license": "MIT"
    }
  }
}
